
Microsoft Visual Studio Solution File, Format Version 12.00
# Visual Studio Version 16
VisualStudioVersion = 16.0.30711.63
MinimumVisualStudioVersion = 10.0.40219.1
Project("{9A19103F-16F7-4668-BE54-9A1E7A4F7556}") = "Laboratorio_5", "Laboratorio_5\Laboratorio_5.csproj", "{89023373-A478-43E1-A3D0-E07B4EECE32B}"
EndProject
Project("{FAE04EC0-301F-11D3-BF4B-00C04F79EFBC}") = "LibreriaDeClasesED1", "LibreriaDeClasesED1\LibreriaDeClasesED1.csproj", "{21186D6E-F50C-46D7-B597-C59E42DAA82E}"
EndProject
Global
	GlobalSection(SolutionConfigurationPlatforms) = preSolution
		Debug|Any CPU = Debug|Any CPU
		Release|Any CPU = Release|Any CPU
	EndGlobalSection
	GlobalSection(ProjectConfigurationPlatforms) = postSolution
		{89023373-A478-43E1-A3D0-E07B4EECE32B}.Debug|Any CPU.ActiveCfg = Debug|Any CPU
		{89023373-A478-43E1-A3D0-E07B4EECE32B}.Debug|Any CPU.Build.0 = Debug|Any CPU
		{89023373-A478-43E1-A3D0-E07B4EECE32B}.Release|Any CPU.ActiveCfg = Release|Any CPU
		{89023373-A478-43E1-A3D0-E07B4EECE32B}.Release|Any CPU.Build.0 = Release|Any CPU
		{21186D6E-F50C-46D7-B597-C59E42DAA82E}.Debug|Any CPU.ActiveCfg = Debug|Any CPU
		{21186D6E-F50C-46D7-B597-C59E42DAA82E}.Debug|Any CPU.Build.0 = Debug|Any CPU
		{21186D6E-F50C-46D7-B597-C59E42DAA82E}.Release|Any CPU.ActiveCfg = Release|Any CPU
		{21186D6E-F50C-46D7-B597-C59E42DAA82E}.Release|Any CPU.Build.0 = Release|Any CPU
	EndGlobalSection
	GlobalSection(SolutionProperties) = preSolution
		HideSolutionNode = FALSE
	EndGlobalSection
	GlobalSection(ExtensibilityGlobals) = postSolution
		SolutionGuid = {F2D4A7C1-FF86-42FB-82C4-EDB50295312B}
	EndGlobalSection
EndGlobal
